// !$*UTF8*$!
{
	archiveVersion = 1;
	classes = {
	};
	objectVersion = 77;
	objects = {

/* Begin PBXBuildFile section */
		D1D1D1D1D1D1D1D1D1D1000D /* TweliWidgetExtension.appex in Embed Foundation Extensions */ = {isa = PBXBuildFile; fileRef = D1D1D1D1D1D1D1D1D1D10001 /* TweliWidgetExtension.appex */; settings = {ATTRIBUTES = (RemoveHeadersOnCopy, ); }; };
/* End PBXBuildFile section */

/* Begin PBXContainerItemProxy section */
		D1D1D1D1D1D1D1D1D1D1000A /* PBXContainerItemProxy */ = {
			isa = PBXContainerItemProxy;
			containerPortal = F03544442FFD70A500CB4849 /* Project object */;
			proxyType = 1;
			remoteGlobalIDString = D1D1D1D1D1D1D1D1D1D10003;
			remoteInfo = TweliWidgetExtension;
		};
		F035445A2FFD70A500CB4849 /* PBXContainerItemProxy */ = {
			isa = PBXContainerItemProxy;
			containerPortal = F03544442FFD70A500CB4849 /* Project object */;
			proxyType = 1;
			remoteGlobalIDString = F035444B2FFD70A500CB4849;
			remoteInfo = Tweli;
		};
		F03544642FFD70A500CB4849 /* PBXContainerItemProxy */ = {
			isa = PBXContainerItemProxy;
			containerPortal = F03544442FFD70A500CB4849 /* Project object */;
			proxyType = 1;
			remoteGlobalIDString = F035444B2FFD70A500CB4849;
			remoteInfo = Tweli;
		};
/* End PBXContainerItemProxy section */

/* Begin PBXCopyFilesBuildPhase section */
		D1D1D1D1D1D1D1D1D1D1000C /* Embed Foundation Extensions */ = {
			isa = PBXCopyFilesBuildPhase;
			buildActionMask = 2147483647;
			dstPath = "";
			dstSubfolderSpec = 13;
			files = (
				D1D1D1D1D1D1D1D1D1D1000D /* TweliWidgetExtension.appex in Embed Foundation Extensions */,
			);
			name = "Embed Foundation Extensions";
			runOnlyForDeploymentPostprocessing = 0;
		};
/* End PBXCopyFilesBuildPhase section */

/* Begin PBXFileReference section */
		D1D1D1D1D1D1D1D1D1D10001 /* TweliWidgetExtension.appex */ = {isa = PBXFileReference; explicitFileType = "wrapper.app-extension"; includeInIndex = 0; path = TweliWidgetExtension.appex; sourceTree = BUILT_PRODUCTS_DIR; };
		F035444C2FFD70A500CB4849 /* Tweli.app */ = {isa = PBXFileReference; explicitFileType = wrapper.application; includeInIndex = 0; path = Tweli.app; sourceTree = BUILT_PRODUCTS_DIR; };
		F03544592FFD70A500CB4849 /* TweliTests.xctest */ = {isa = PBXFileReference; explicitFileType = wrapper.cfbundle; includeInIndex = 0; path = TweliTests.xctest; sourceTree = BUILT_PRODUCTS_DIR; };
		F03544632FFD70A500CB4849 /* TweliUITests.xctest */ = {isa = PBXFileReference; explicitFileType = wrapper.cfbundle; includeInIndex = 0; path = TweliUITests.xctest; sourceTree = BUILT_PRODUCTS_DIR; };
/* End PBXFileReference section */

/* Begin PBXFileSystemSynchronizedBuildFileExceptionSet section */
		D1D1D1D1D1D1D1D1D1D1000E /* Exceptions for "TweliWidget" folder in "TweliWidgetExtension" target */ = {
			isa = PBXFileSystemSynchronizedBuildFileExceptionSet;
			membershipExceptions = (
				Info.plist,
			);
			target = D1D1D1D1D1D1D1D1D1D10003 /* TweliWidgetExtension */;
		};
		F0DEAD000000000000000001 /* Exceptions for "Tweli" folder in "Tweli" target */ = {
			isa = PBXFileSystemSynchronizedBuildFileExceptionSet;
			membershipExceptions = (
				Info.plist,
			);
			target = F035444B2FFD70A500CB4849 /* Tweli */;
		};
/* End PBXFileSystemSynchronizedBuildFileExceptionSet section */

/* Begin PBXFileSystemSynchronizedRootGroup section */
		D1D1D1D1D1D1D1D1D1D10002 /* TweliWidget */ = {
			isa = PBXFileSystemSynchronizedRootGroup;
			exceptions = (
				D1D1D1D1D1D1D1D1D1D1000E /* Exceptions for "TweliWidget" folder in "TweliWidgetExtension" target */,
			);
			path = TweliWidget;
			sourceTree = "<group>";
		};
		F035444E2FFD70A500CB4849 /* Tweli */ = {
			isa = PBXFileSystemSynchronizedRootGroup;
			exceptions = (
				F0DEAD000000000000000001 /* Exceptions for "Tweli" folder in "Tweli" target */,
			);
			path = Tweli;
			sourceTree = "<group>";
		};
		F035445C2FFD70A500CB4849 /* TweliTests */ = {
			isa = PBXFileSystemSynchronizedRootGroup;
			path = TweliTests;
			sourceTree = "<group>";
		};
		F03544662FFD70A500CB4849 /* TweliUITests */ = {
			isa = PBXFileSystemSynchronizedRootGroup;
			path = TweliUITests;
			sourceTree = "<group>";
		};
/* End PBXFileSystemSynchronizedRootGroup section */

/* Begin PBXFrameworksBuildPhase section */
		D1D1D1D1D1D1D1D1D1D10005 /* Frameworks */ = {
			isa = PBXFrameworksBuildPhase;
			buildActionMask = 2147483647;
			files = (
			);
			runOnlyForDeploymentPostprocessing = 0;
		};
		F03544492FFD70A500CB4849 /* Frameworks */ = {
			isa = PBXFrameworksBuildPhase;
			buildActionMask = 2147483647;
			files = (
			);
			runOnlyForDeploymentPostprocessing = 0;
		};
		F03544562FFD70A500CB4849 /* Frameworks */ = {
			isa = PBXFrameworksBuildPhase;
			buildActionMask = 2147483647;
			files = (
			);
			runOnlyForDeploymentPostprocessing = 0;
		};
		F03544602FFD70A500CB4849 /* Frameworks */ = {
			isa = PBXFrameworksBuildPhase;
			buildActionMask = 2147483647;
			files = (
			);
			runOnlyForDeploymentPostprocessing = 0;
		};
/* End PBXFrameworksBuildPhase section */

/* Begin PBXGroup section */
		F03544432FFD70A500CB4849 = {
			isa = PBXGroup;
			children = (
				F035444E2FFD70A500CB4849 /* Tweli */,
				F035445C2FFD70A500CB4849 /* TweliTests */,
				F03544662FFD70A500CB4849 /* TweliUITests */,
				F035444D2FFD70A500CB4849 /* Products */,
				F035459C2FFD7ECB00CB4849 /* Recovered References */,
			);
			sourceTree = "<group>";
		};
		F035444D2FFD70A500CB4849 /* Products */ = {
			isa = PBXGroup;
			children = (
				F035444C2FFD70A500CB4849 /* Tweli.app */,
				D1D1D1D1D1D1D1D1D1D10001 /* TweliWidgetExtension.appex */,
				F03544592FFD70A500CB4849 /* TweliTests.xctest */,
				F03544632FFD70A500CB4849 /* TweliUITests.xctest */,
			);
			name = Products;
			sourceTree = "<group>";
		};
		F035459C2FFD7ECB00CB4849 /* Recovered References */ = {
			isa = PBXGroup;
			children = (
				D1D1D1D1D1D1D1D1D1D10002 /* TweliWidget */,
			);
			name = "Recovered References";
			sourceTree = "<group>";
		};
/* End PBXGroup section */

/* Begin PBXNativeTarget section */
		D1D1D1D1D1D1D1D1D1D10003 /* TweliWidgetExtension */ = {
			isa = PBXNativeTarget;
			buildConfigurationList = D1D1D1D1D1D1D1D1D1D10007 /* Build configuration list for PBXNativeTarget "TweliWidgetExtension" */;
			buildPhases = (
				D1D1D1D1D1D1D1D1D1D10004 /* Sources */,
				D1D1D1D1D1D1D1D1D1D10005 /* Frameworks */,
				D1D1D1D1D1D1D1D1D1D10006 /* Resources */,
			);
			buildRules = (
			);
			dependencies = (
			);
			fileSystemSynchronizedGroups = (
				D1D1D1D1D1D1D1D1D1D10002 /* TweliWidget */,
			);
			name = TweliWidgetExtension;
			packageProductDependencies = (
			);
			productName = TweliWidgetExtension;
			productReference = D1D1D1D1D1D1D1D1D1D10001 /* TweliWidgetExtension.appex */;
			productType = "com.apple.product-type.app-extension";
		};
		F035444B2FFD70A500CB4849 /* Tweli */ = {
			isa = PBXNativeTarget;
			buildConfigurationList = F035446D2FFD70A500CB4849 /* Build configuration list for PBXNativeTarget "Tweli" */;
			buildPhases = (
				F03544482FFD70A500CB4849 /* Sources */,
				F03544492FFD70A500CB4849 /* Frameworks */,
				F035444A2FFD70A500CB4849 /* Resources */,
				D1D1D1D1D1D1D1D1D1D1000C /* Embed Foundation Extensions */,
			);
			buildRules = (
			);
			dependencies = (
				D1D1D1D1D1D1D1D1D1D1000B /* PBXTargetDependency */,
			);
			fileSystemSynchronizedGroups = (
				F035444E2FFD70A500CB4849 /* Tweli */,
			);
			name = Tweli;
			packageProductDependencies = (
			);
			productName = Tweli;
			productReference = F035444C2FFD70A500CB4849 /* Tweli.app */;
			productType = "com.apple.product-type.application";
		};
		F03544582FFD70A500CB4849 /* TweliTests */ = {
			isa = PBXNativeTarget;
			buildConfigurationList = F03544702FFD70A500CB4849 /* Build configuration list for PBXNativeTarget "TweliTests" */;
			buildPhases = (
				F03544552FFD70A500CB4849 /* Sources */,
				F03544562FFD70A500CB4849 /* Frameworks */,
				F03544572FFD70A500CB4849 /* Resources */,
			);
			buildRules = (
			);
			dependencies = (
				F035445B2FFD70A500CB4849 /* PBXTargetDependency */,
			);
			fileSystemSynchronizedGroups = (
				F035445C2FFD70A500CB4849 /* TweliTests */,
			);
			name = TweliTests;
			packageProductDependencies = (
			);
			productName = TweliTests;
			productReference = F03544592FFD70A500CB4849 /* TweliTests.xctest */;
			productType = "com.apple.product-type.bundle.unit-test";
		};
		F03544622FFD70A500CB4849 /* TweliUITests */ = {
			isa = PBXNativeTarget;
			buildConfigurationList = F03544732FFD70A500CB4849 /* Build configuration list for PBXNativeTarget "TweliUITests" */;
			buildPhases = (
				F035445F2FFD70A500CB4849 /* Sources */,
				F03544602FFD70A500CB4849 /* Frameworks */,
				F03544612FFD70A500CB4849 /* Resources */,
			);
			buildRules = (
			);
			dependencies = (
				F03544652FFD70A500CB4849 /* PBXTargetDependency */,
			);
			fileSystemSynchronizedGroups = (
				F03544662FFD70A500CB4849 /* TweliUITests */,
			);
			name = TweliUITests;
			packageProductDependencies = (
			);
			productName = TweliUITests;
			productReference = F03544632FFD70A500CB4849 /* TweliUITests.xctest */;
			productType = "com.apple.product-type.bundle.ui-testing";
		};
/* End PBXNativeTarget section */

/* Begin PBXProject section */
		F03544442FFD70A500CB4849 /* Project object */ = {
			isa = PBXProject;
			attributes = {
				BuildIndependentTargetsInParallel = 1;
				LastSwiftUpdateCheck = 2640;
				LastUpgradeCheck = 2640;
				TargetAttributes = {
					D1D1D1D1D1D1D1D1D1D10003 = {
						CreatedOnToolsVersion = 26.4.1;
					};
					F035444B2FFD70A500CB4849 = {
						CreatedOnToolsVersion = 26.4.1;
					};
					F03544582FFD70A500CB4849 = {
						CreatedOnToolsVersion = 26.4.1;
						TestTargetID = F035444B2FFD70A500CB4849;
					};
					F03544622FFD70A500CB4849 = {
						CreatedOnToolsVersion = 26.4.1;
						TestTargetID = F035444B2FFD70A500CB4849;
					};
				};
			};
			buildConfigurationList = F03544472FFD70A500CB4849 /* Build configuration list for PBXProject "Tweli" */;
			developmentRegion = en;
			hasScannedForEncodings = 0;
			knownRegions = (
				en,
				Base,
			);
			mainGroup = F03544432FFD70A500CB4849;
			minimizedProjectReferenceProxies = 1;
			preferredProjectObjectVersion = 77;
			productRefGroup = F035444D2FFD70A500CB4849 /* Products */;
			projectDirPath = "";
			projectRoot = "";
			targets = (
				F035444B2FFD70A500CB4849 /* Tweli */,
				D1D1D1D1D1D1D1D1D1D10003 /* TweliWidgetExtension */,
				F03544582FFD70A500CB4849 /* TweliTests */,
				F03544622FFD70A500CB4849 /* TweliUITests */,
			);
		};
/* End PBXProject section */

/* Begin PBXResourcesBuildPhase section */
		D1D1D1D1D1D1D1D1D1D10006 /* Resources */ = {
			isa = PBXResourcesBuildPhase;
			buildActionMask = 2147483647;
			files = (
			);
			runOnlyForDeploymentPostprocessing = 0;
		};
		F035444A2FFD70A500CB4849 /* Resources */ = {
			isa = PBXResourcesBuildPhase;
			buildActionMask = 2147483647;
			files = (
			);
			runOnlyForDeploymentPostprocessing = 0;
		};
		F03544572FFD70A500CB4849 /* Resources */ = {
			isa = PBXResourcesBuildPhase;
			buildActionMask = 2147483647;
			files = (
			);
			runOnlyForDeploymentPostprocessing = 0;
		};
		F03544612FFD70A500CB4849 /* Resources */ = {
			isa = PBXResourcesBuildPhase;
			buildActionMask = 2147483647;
			files = (
			);
			runOnlyForDeploymentPostprocessing = 0;
		};
/* End PBXResourcesBuildPhase section */

/* Begin PBXSourcesBuildPhase section */
		D1D1D1D1D1D1D1D1D1D10004 /* Sources */ = {
			isa = PBXSourcesBuildPhase;
			buildActionMask = 2147483647;
			files = (
			);
			runOnlyForDeploymentPostprocessing = 0;
		};
		F03544482FFD70A500CB4849 /* Sources */ = {
			isa = PBXSourcesBuildPhase;
			buildActionMask = 2147483647;
			files = (
			);
			runOnlyForDeploymentPostprocessing = 0;
		};
		F03544552FFD70A500CB4849 /* Sources */ = {
			isa = PBXSourcesBuildPhase;
			buildActionMask = 2147483647;
			files = (
			);
			runOnlyForDeploymentPostprocessing = 0;
		};
		F035445F2FFD70A500CB4849 /* Sources */ = {
			isa = PBXSourcesBuildPhase;
			buildActionMask = 2147483647;
			files = (
			);
			runOnlyForDeploymentPostprocessing = 0;
		};
/* End PBXSourcesBuildPhase section */

/* Begin PBXTargetDependency section */
		D1D1D1D1D1D1D1D1D1D1000B /* PBXTargetDependency */ = {
			isa = PBXTargetDependency;
			target = D1D1D1D1D1D1D1D1D1D10003 /* TweliWidgetExtension */;
			targetProxy = D1D1D1D1D1D1D1D1D1D1000A /* PBXContainerItemProxy */;
		};
		F035445B2FFD70A500CB4849 /* PBXTargetDependency */ = {
			isa = PBXTargetDependency;
			target = F035444B2FFD70A500CB4849 /* Tweli */;
			targetProxy = F035445A2FFD70A500CB4849 /* PBXContainerItemProxy */;
		};
		F03544652FFD70A500CB4849 /* PBXTargetDependency */ = {
			isa = PBXTargetDependency;
			target = F035444B2FFD70A500CB4849 /* Tweli */;
			targetProxy = F03544642FFD70A500CB4849 /* PBXContainerItemProxy */;
		};
/* End PBXTargetDependency section */

/* Begin XCBuildConfiguration section */
		D1D1D1D1D1D1D1D1D1D10008 /* Debug */ = {
			isa = XCBuildConfiguration;
			buildSettings = {
				CODE_SIGN_ENTITLEMENTS = TweliWidget/TweliWidget.entitlements;
				CODE_SIGN_STYLE = Automatic;
				CURRENT_PROJECT_VERSION = 1;
				DEVELOPMENT_TEAM = 649T62WKAQ;
				GENERATE_INFOPLIST_FILE = NO;
				INFOPLIST_FILE = TweliWidget/Info.plist;
				IPHONEOS_DEPLOYMENT_TARGET = 26.0;
				LD_RUNPATH_SEARCH_PATHS = (
					"$(inherited)",
					"@executable_path/Frameworks",
					"@executable_path/../../Frameworks",
				);
				MARKETING_VERSION = 1.0;
				PRODUCT_BUNDLE_IDENTIFIER = me.adithyan.shalinth.Tweli.TweliWidget;
				PRODUCT_NAME = "$(TARGET_NAME)";
				SKIP_INSTALL = YES;
				SWIFT_VERSION = 5.0;
				TARGETED_DEVICE_FAMILY = "1,2";
			};
			name = Debug;
		};
		D1D1D1D1D1D1D1D1D1D10009 /* Release */ = {
			isa = XCBuildConfiguration;
			buildSettings = {
				CODE_SIGN_ENTITLEMENTS = TweliWidget/TweliWidget.entitlements;
				CODE_SIGN_STYLE = Automatic;
				CURRENT_PROJECT_VERSION = 1;
				DEVELOPMENT_TEAM = 649T62WKAQ;
				GENERATE_INFOPLIST_FILE = NO;
				INFOPLIST_FILE = TweliWidget/Info.plist;
				IPHONEOS_DEPLOYMENT_TARGET = 26.0;
				LD_RUNPATH_SEARCH_PATHS = (
					"$(inherited)",
					"@executable_path/Frameworks",
					"@executable_path/../../Frameworks",
				);
				MARKETING_VERSION = 1.0;
				PRODUCT_BUNDLE_IDENTIFIER = me.adithyan.shalinth.Tweli.TweliWidget;
				PRODUCT_NAME = "$(TARGET_NAME)";
				SKIP_INSTALL = YES;
				SWIFT_COMPILATION_MODE = wholemodule;
				SWIFT_VERSION = 5.0;
				TARGETED_DEVICE_FAMILY = "1,2";
			};
			name = Release;
		};
		F035446B2FFD70A500CB4849 /* Debug */ = {
			isa = XCBuildConfiguration;
			buildSettings = {
				ALWAYS_SEARCH_USER_PATHS = NO;
				ASSETCATALOG_COMPILER_GENERATE_SWIFT_ASSET_SYMBOL_EXTENSIONS = YES;
				CLANG_ANALYZER_NONNULL = YES;
				CLANG_ANALYZER_NUMBER_OBJECT_CONVERSION = YES_AGGRESSIVE;
				CLANG_CXX_LANGUAGE_STANDARD = "gnu++20";
				CLANG_ENABLE_MODULES = YES;
				CLANG_ENABLE_OBJC_ARC = YES;
				CLANG_ENABLE_OBJC_WEAK = YES;
				CLANG_WARN_BLOCK_CAPTURE_AUTORELEASING = YES;
				CLANG_WARN_BOOL_CONVERSION = YES;
				CLANG_WARN_COMMA = YES;
				CLANG_WARN_CONSTANT_CONVERSION = YES;
				CLANG_WARN_DEPRECATED_OBJC_IMPLEMENTATIONS = YES;
				CLANG_WARN_DIRECT_OBJC_ISA_USAGE = YES_ERROR;
				CLANG_WARN_DOCUMENTATION_COMMENTS = YES;
				CLANG_WARN_EMPTY_BODY = YES;
				CLANG_WARN_ENUM_CONVERSION = YES;
				CLANG_WARN_INFINITE_RECURSION = YES;
				CLANG_WARN_INT_CONVERSION = YES;
				CLANG_WARN_NON_LITERAL_NULL_CONVERSION = YES;
				CLANG_WARN_OBJC_IMPLICIT_RETAIN_SELF = YES;
				CLANG_WARN_OBJC_LITERAL_CONVERSION = YES;
				CLANG_WARN_OBJC_ROOT_CLASS = YES_ERROR;
				CLANG_WARN_QUOTED_INCLUDE_IN_FRAMEWORK_HEADER = YES;
				CLANG_WARN_RANGE_LOOP_ANALYSIS = YES;
				CLANG_WARN_STRICT_PROTOTYPES = YES;
				CLANG_WARN_SUSPICIOUS_MOVE = YES;
				CLANG_WARN_UNGUARDED_AVAILABILITY = YES_AGGRESSIVE;
				CLANG_WARN_UNREACHABLE_CODE = YES;
				CLANG_WARN__DUPLICATE_METHOD_MATCH = YES;
				COPY_PHASE_STRIP = NO;
				DEBUG_INFORMATION_FORMAT = dwarf;
				DEVELOPMENT_TEAM = 649T62WKAQ;
				ENABLE_STRICT_OBJC_MSGSEND = YES;
				ENABLE_TESTABILITY = YES;
				ENABLE_USER_SCRIPT_SANDBOXING = YES;
				GCC_C_LANGUAGE_STANDARD = gnu17;
				GCC_DYNAMIC_NO_PIC = NO;
				GCC_NO_COMMON_BLOCKS = YES;
				GCC_OPTIMIZATION_LEVEL = 0;
				GCC_PREPROCESSOR_DEFINITIONS = (
					"DEBUG=1",
					"$(inherited)",
				);
				GCC_WARN_64_TO_32_BIT_CONVERSION = YES;
				GCC_WARN_ABOUT_RETURN_TYPE = YES_ERROR;
				GCC_WARN_UNDECLARED_SELECTOR = YES;
				GCC_WARN_UNINITIALIZED_AUTOS = YES_AGGRESSIVE;
				GCC_WARN_UNUSED_FUNCTION = YES;
				GCC_WARN_UNUSED_VARIABLE = YES;
				IPHONEOS_DEPLOYMENT_TARGET = 26.0;
				LOCALIZATION_PREFERS_STRING_CATALOGS = YES;
				MTL_ENABLE_DEBUG_INFO = INCLUDE_SOURCE;
				MTL_FAST_MATH = YES;
				ONLY_ACTIVE_ARCH = YES;
				SDKROOT = iphoneos;
				SWIFT_ACTIVE_COMPILATION_CONDITIONS = "DEBUG $(inherited)";
				SWIFT_OPTIMIZATION_LEVEL = "-Onone";
			};
			name = Debug;
		};
		F035446C2FFD70A500CB4849 /* Release */ = {
			isa = XCBuildConfiguration;
			buildSettings = {
				ALWAYS_SEARCH_USER_PATHS = NO;
				ASSETCATALOG_COMPILER_GENERATE_SWIFT_ASSET_SYMBOL_EXTENSIONS = YES;
				CLANG_ANALYZER_NONNULL = YES;
				CLANG_ANALYZER_NUMBER_OBJECT_CONVERSION = YES_AGGRESSIVE;
				CLANG_CXX_LANGUAGE_STANDARD = "gnu++20";
				CLANG_ENABLE_MODULES = YES;
				CLANG_ENABLE_OBJC_ARC = YES;
				CLANG_ENABLE_OBJC_WEAK = YES;
				CLANG_WARN_BLOCK_CAPTURE_AUTORELEASING = YES;
				CLANG_WARN_BOOL_CONVERSION = YES;
				CLANG_WARN_COMMA = YES;
				CLANG_WARN_CONSTANT_CONVERSION = YES;
				CLANG_WARN_DEPRECATED_OBJC_IMPLEMENTATIONS = YES;
				CLANG_WARN_DIRECT_OBJC_ISA_USAGE = YES_ERROR;
				CLANG_WARN_DOCUMENTATION_COMMENTS = YES;
				CLANG_WARN_EMPTY_BODY = YES;
				CLANG_WARN_ENUM_CONVERSION = YES;
				CLANG_WARN_INFINITE_RECURSION = YES;
				CLANG_WARN_INT_CONVERSION = YES;
				CLANG_WARN_NON_LITERAL_NULL_CONVERSION = YES;
				CLANG_WARN_OBJC_IMPLICIT_RETAIN_SELF = YES;
				CLANG_WARN_OBJC_LITERAL_CONVERSION = YES;
				CLANG_WARN_OBJC_ROOT_CLASS = YES_ERROR;
				CLANG_WARN_QUOTED_INCLUDE_IN_FRAMEWORK_HEADER = YES;
				CLANG_WARN_RANGE_LOOP_ANALYSIS = YES;
				CLANG_WARN_STRICT_PROTOTYPES = YES;
				CLANG_WARN_SUSPICIOUS_MOVE = YES;
				CLANG_WARN_UNGUARDED_AVAILABILITY = YES_AGGRESSIVE;
				CLANG_WARN_UNREACHABLE_CODE = YES;
				CLANG_WARN__DUPLICATE_METHOD_MATCH = YES;
				COPY_PHASE_STRIP = NO;
				DEBUG_INFORMATION_FORMAT = "dwarf-with-dsym";
				DEVELOPMENT_TEAM = 649T62WKAQ;
				ENABLE_NS_ASSERTIONS = NO;
				ENABLE_STRICT_OBJC_MSGSEND = YES;
				ENABLE_USER_SCRIPT_SANDBOXING = YES;
				GCC_C_LANGUAGE_STANDARD = gnu17;
				GCC_NO_COMMON_BLOCKS = YES;
				GCC_WARN_64_TO_32_BIT_CONVERSION = YES;
				GCC_WARN_ABOUT_RETURN_TYPE = YES_ERROR;
				GCC_WARN_UNDECLARED_SELECTOR = YES;
				GCC_WARN_UNINITIALIZED_AUTOS = YES_AGGRESSIVE;
				GCC_WARN_UNUSED_FUNCTION = YES;
				GCC_WARN_UNUSED_VARIABLE = YES;
				IPHONEOS_DEPLOYMENT_TARGET = 26.0;
				LOCALIZATION_PREFERS_STRING_CATALOGS = YES;
				MTL_ENABLE_DEBUG_INFO = NO;
				MTL_FAST_MATH = YES;
				SDKROOT = iphoneos;
				SWIFT_COMPILATION_MODE = wholemodule;
				VALIDATE_PRODUCT = YES;
			};
			name = Release;
		};
		F035446E2FFD70A500CB4849 /* Debug */ = {
			isa = XCBuildConfiguration;
			buildSettings = {
				ASSETCATALOG_COMPILER_APPICON_NAME = AppIcon;
				ASSETCATALOG_COMPILER_GLOBAL_ACCENT_COLOR_NAME = AccentColor;
				CODE_SIGN_ENTITLEMENTS = Tweli/Tweli.entitlements;
				CODE_SIGN_STYLE = Automatic;
				CURRENT_PROJECT_VERSION = 1;
				DEVELOPMENT_TEAM = 649T62WKAQ;
				ENABLE_PREVIEWS = YES;
				GENERATE_INFOPLIST_FILE = YES;
				INFOPLIST_FILE = Tweli/Info.plist;
				INFOPLIST_KEY_UIApplicationSceneManifest_Generation = YES;
				INFOPLIST_KEY_UIApplicationSupportsIndirectInputEvents = YES;
				INFOPLIST_KEY_UILaunchScreen_Generation = YES;
				INFOPLIST_KEY_UISupportedInterfaceOrientations_iPad = "UIInterfaceOrientationPortrait UIInterfaceOrientationPortraitUpsideDown UIInterfaceOrientationLandscapeLeft UIInterfaceOrientationLandscapeRight";
				INFOPLIST_KEY_UISupportedInterfaceOrientations_iPhone = "UIInterfaceOrientationPortrait UIInterfaceOrientationLandscapeLeft UIInterfaceOrientationLandscapeRight";
				LD_RUNPATH_SEARCH_PATHS = (
					"$(inherited)",
					"@executable_path/Frameworks",
				);
				MARKETING_VERSION = 1.0;
				PRODUCT_BUNDLE_IDENTIFIER = me.adithyan.shalinth.Tweli;
				PRODUCT_NAME = "$(TARGET_NAME)";
				STRING_CATALOG_GENERATE_SYMBOLS = YES;
				SWIFT_APPROACHABLE_CONCURRENCY = YES;
				SWIFT_DEFAULT_ACTOR_ISOLATION = MainActor;
				SWIFT_EMIT_LOC_STRINGS = YES;
				SWIFT_UPCOMING_FEATURE_MEMBER_IMPORT_VISIBILITY = YES;
				SWIFT_VERSION = 5.0;
				TARGETED_DEVICE_FAMILY = "1,2";
			};
			name = Debug;
		};
		F035446F2FFD70A500CB4849 /* Release */ = {
			isa = XCBuildConfiguration;
			buildSettings = {
				ASSETCATALOG_COMPILER_APPICON_NAME = AppIcon;
				ASSETCATALOG_COMPILER_GLOBAL_ACCENT_COLOR_NAME = AccentColor;
				CODE_SIGN_ENTITLEMENTS = Tweli/Tweli.entitlements;
				CODE_SIGN_STYLE = Automatic;
				CURRENT_PROJECT_VERSION = 1;
				DEVELOPMENT_TEAM = 649T62WKAQ;
				ENABLE_PREVIEWS = YES;
				GENERATE_INFOPLIST_FILE = YES;
				INFOPLIST_FILE = Tweli/Info.plist;
				INFOPLIST_KEY_UIApplicationSceneManifest_Generation = YES;
				INFOPLIST_KEY_UIApplicationSupportsIndirectInputEvents = YES;
				INFOPLIST_KEY_UILaunchScreen_Generation = YES;
				INFOPLIST_KEY_UISupportedInterfaceOrientations_iPad = "UIInterfaceOrientationPortrait UIInterfaceOrientationPortraitUpsideDown UIInterfaceOrientationLandscapeLeft UIInterfaceOrientationLandscapeRight";
				INFOPLIST_KEY_UISupportedInterfaceOrientations_iPhone = "UIInterfaceOrientationPortrait UIInterfaceOrientationLandscapeLeft UIInterfaceOrientationLandscapeRight";
				LD_RUNPATH_SEARCH_PATHS = (
					"$(inherited)",
					"@executable_path/Frameworks",
				);
				MARKETING_VERSION = 1.0;
				PRODUCT_BUNDLE_IDENTIFIER = me.adithyan.shalinth.Tweli;
				PRODUCT_NAME = "$(TARGET_NAME)";
				STRING_CATALOG_GENERATE_SYMBOLS = YES;
				SWIFT_APPROACHABLE_CONCURRENCY = YES;
				SWIFT_DEFAULT_ACTOR_ISOLATION = MainActor;
				SWIFT_EMIT_LOC_STRINGS = YES;
				SWIFT_UPCOMING_FEATURE_MEMBER_IMPORT_VISIBILITY = YES;
				SWIFT_VERSION = 5.0;
				TARGETED_DEVICE_FAMILY = "1,2";
			};
			name = Release;
		};
		F03544712FFD70A500CB4849 /* Debug */ = {
			isa = XCBuildConfiguration;
			buildSettings = {
				BUNDLE_LOADER = "$(TEST_HOST)";
				CODE_SIGN_STYLE = Automatic;
				CURRENT_PROJECT_VERSION = 1;
				DEVELOPMENT_TEAM = 649T62WKAQ;
				GENERATE_INFOPLIST_FILE = YES;
				IPHONEOS_DEPLOYMENT_TARGET = 26.0;
				MARKETING_VERSION = 1.0;
				PRODUCT_BUNDLE_IDENTIFIER = me.adithyan.shalinth.TweliTests;
				PRODUCT_NAME = "$(TARGET_NAME)";
				STRING_CATALOG_GENERATE_SYMBOLS = NO;
				SWIFT_APPROACHABLE_CONCURRENCY = YES;
				SWIFT_EMIT_LOC_STRINGS = NO;
				SWIFT_UPCOMING_FEATURE_MEMBER_IMPORT_VISIBILITY = YES;
				SWIFT_VERSION = 5.0;
				TARGETED_DEVICE_FAMILY = "1,2";
				TEST_HOST = "$(BUILT_PRODUCTS_DIR)/Tweli.app/$(BUNDLE_EXECUTABLE_FOLDER_PATH)/Tweli";
			};
			name = Debug;
		};
		F03544722FFD70A500CB4849 /* Release */ = {
			isa = XCBuildConfiguration;
			buildSettings = {
				BUNDLE_LOADER = "$(TEST_HOST)";
				CODE_SIGN_STYLE = Automatic;
				CURRENT_PROJECT_VERSION = 1;
				DEVELOPMENT_TEAM = 649T62WKAQ;
				GENERATE_INFOPLIST_FILE = YES;
				IPHONEOS_DEPLOYMENT_TARGET = 26.0;
				MARKETING_VERSION = 1.0;
				PRODUCT_BUNDLE_IDENTIFIER = me.adithyan.shalinth.TweliTests;
				PRODUCT_NAME = "$(TARGET_NAME)";
				STRING_CATALOG_GENERATE_SYMBOLS = NO;
				SWIFT_APPROACHABLE_CONCURRENCY = YES;
				SWIFT_EMIT_LOC_STRINGS = NO;
				SWIFT_UPCOMING_FEATURE_MEMBER_IMPORT_VISIBILITY = YES;
				SWIFT_VERSION = 5.0;
				TARGETED_DEVICE_FAMILY = "1,2";
				TEST_HOST = "$(BUILT_PRODUCTS_DIR)/Tweli.app/$(BUNDLE_EXECUTABLE_FOLDER_PATH)/Tweli";
			};
			name = Release;
		};
		F03544742FFD70A500CB4849 /* Debug */ = {
			isa = XCBuildConfiguration;
			buildSettings = {
				CODE_SIGN_STYLE = Automatic;
				CURRENT_PROJECT_VERSION = 1;
				DEVELOPMENT_TEAM = 649T62WKAQ;
				GENERATE_INFOPLIST_FILE = YES;
				MARKETING_VERSION = 1.0;
				PRODUCT_BUNDLE_IDENTIFIER = me.adithyan.shalinth.TweliUITests;
				PRODUCT_NAME = "$(TARGET_NAME)";
				STRING_CATALOG_GENERATE_SYMBOLS = NO;
				SWIFT_APPROACHABLE_CONCURRENCY = YES;
				SWIFT_EMIT_LOC_STRINGS = NO;
				SWIFT_UPCOMING_FEATURE_MEMBER_IMPORT_VISIBILITY = YES;
				SWIFT_VERSION = 5.0;
				TARGETED_DEVICE_FAMILY = "1,2";
				TEST_TARGET_NAME = Tweli;
			};
			name = Debug;
		};
		F03544752FFD70A500CB4849 /* Release */ = {
			isa = XCBuildConfiguration;
			buildSettings = {
				CODE_SIGN_STYLE = Automatic;
				CURRENT_PROJECT_VERSION = 1;
				DEVELOPMENT_TEAM = 649T62WKAQ;
				GENERATE_INFOPLIST_FILE = YES;
				MARKETING_VERSION = 1.0;
				PRODUCT_BUNDLE_IDENTIFIER = me.adithyan.shalinth.TweliUITests;
				PRODUCT_NAME = "$(TARGET_NAME)";
				STRING_CATALOG_GENERATE_SYMBOLS = NO;
				SWIFT_APPROACHABLE_CONCURRENCY = YES;
				SWIFT_EMIT_LOC_STRINGS = NO;
				SWIFT_UPCOMING_FEATURE_MEMBER_IMPORT_VISIBILITY = YES;
				SWIFT_VERSION = 5.0;
				TARGETED_DEVICE_FAMILY = "1,2";
				TEST_TARGET_NAME = Tweli;
			};
			name = Release;
		};
/* End XCBuildConfiguration section */

/* Begin XCConfigurationList section */
		D1D1D1D1D1D1D1D1D1D10007 /* Build configuration list for PBXNativeTarget "TweliWidgetExtension" */ = {
			isa = XCConfigurationList;
			buildConfigurations = (
				D1D1D1D1D1D1D1D1D1D10008 /* Debug */,
				D1D1D1D1D1D1D1D1D1D10009 /* Release */,
			);
			defaultConfigurationIsVisible = 0;
			defaultConfigurationName = Release;
		};
		F03544472FFD70A500CB4849 /* Build configuration list for PBXProject "Tweli" */ = {
			isa = XCConfigurationList;
			buildConfigurations = (
				F035446B2FFD70A500CB4849 /* Debug */,
				F035446C2FFD70A500CB4849 /* Release */,
			);
			defaultConfigurationIsVisible = 0;
			defaultConfigurationName = Release;
		};
		F035446D2FFD70A500CB4849 /* Build configuration list for PBXNativeTarget "Tweli" */ = {
			isa = XCConfigurationList;
			buildConfigurations = (
				F035446E2FFD70A500CB4849 /* Debug */,
				F035446F2FFD70A500CB4849 /* Release */,
			);
			defaultConfigurationIsVisible = 0;
			defaultConfigurationName = Release;
		};
		F03544702FFD70A500CB4849 /* Build configuration list for PBXNativeTarget "TweliTests" */ = {
			isa = XCConfigurationList;
			buildConfigurations = (
				F03544712FFD70A500CB4849 /* Debug */,
				F03544722FFD70A500CB4849 /* Release */,
			);
			defaultConfigurationIsVisible = 0;
			defaultConfigurationName = Release;
		};
		F03544732FFD70A500CB4849 /* Build configuration list for PBXNativeTarget "TweliUITests" */ = {
			isa = XCConfigurationList;
			buildConfigurations = (
				F03544742FFD70A500CB4849 /* Debug */,
				F03544752FFD70A500CB4849 /* Release */,
			);
			defaultConfigurationIsVisible = 0;
			defaultConfigurationName = Release;
		};
/* End XCConfigurationList section */
	};
	rootObject = F03544442FFD70A500CB4849 /* Project object */;
}
